NeoBundleLock lightline.vim 74a46a49f068e5f2ef8a5faf866d6b4752083507
NeoBundleLock neobundle.vim b17652e171cc439a6d7554b96daea76c502da3c9
NeoBundleLock neocomplcache 778181767467b8f8016828898779a646074d883a
NeoBundleLock neomru.vim 6e6ca0454fbe67ab01cfe9c8588546c9af156944
NeoBundleLock unite.vim b2e6af30281a27ec1437becfc8cb37cb8abdc760
NeoBundleLock vim-fugitive b5b2548a871e127ed9f58034fcf3754157dfa364
NeoBundleLock vimfiler 70b24304e0bc46cfb2888997c08399732cf23d14
NeoBundleLock vimfiler.vim 70b24304e0bc46cfb2888997c08399732cf23d14
NeoBundleLock vimproc 9269f3861a767733cc4d9fc44668e98fabcca7e9
